
Microsoft Visual Studio Solution File, Format Version 12.00
# Visual Studio 15
VisualStudioVersion = 15.0.27428.2005
MinimumVisualStudioVersion = 10.0.40219.1
Project("{FAE04EC0-301F-11D3-BF4B-00C04F79EFBC}") = "Tanneryd.BulkOperations.EF6", "Tanneryd.BulkOperations.EF6\Tanneryd.BulkOperations.EF6.csproj", "{9F0C6DFB-0831-4DC2-B1C6-F3FE5B554BFA}"
EndProject
Project("{FAE04EC0-301F-11D3-BF4B-00C04F79EFBC}") = "Tanneryd.BulkOperations.EF6.Tests", "Tanneryd.BulkOperations.EF6.Tests\Tanneryd.BulkOperations.EF6.Tests.csproj", "{1ED7FCFD-93F9-46A2-8426-AA0E9C18BA6A}"
EndProject
Global
	GlobalSection(SolutionConfigurationPlatforms) = preSolution
		Debug|Any CPU = Debug|Any CPU
		Release|Any CPU = Release|Any CPU
	EndGlobalSection
	GlobalSection(ProjectConfigurationPlatforms) = postSolution
		{9F0C6DFB-0831-4DC2-B1C6-F3FE5B554BFA}.Debug|Any CPU.ActiveCfg = Debug|Any CPU
		{9F0C6DFB-0831-4DC2-B1C6-F3FE5B554BFA}.Debug|Any CPU.Build.0 = Debug|Any CPU
		{9F0C6DFB-0831-4DC2-B1C6-F3FE5B554BFA}.Release|Any CPU.ActiveCfg = Release|Any CPU
		{9F0C6DFB-0831-4DC2-B1C6-F3FE5B554BFA}.Release|Any CPU.Build.0 = Release|Any CPU
		{1ED7FCFD-93F9-46A2-8426-AA0E9C18BA6A}.Debug|Any CPU.ActiveCfg = Debug|Any CPU
		{1ED7FCFD-93F9-46A2-8426-AA0E9C18BA6A}.Debug|Any CPU.Build.0 = Debug|Any CPU
		{1ED7FCFD-93F9-46A2-8426-AA0E9C18BA6A}.Release|Any CPU.ActiveCfg = Release|Any CPU
		{1ED7FCFD-93F9-46A2-8426-AA0E9C18BA6A}.Release|Any CPU.Build.0 = Release|Any CPU
	EndGlobalSection
	GlobalSection(SolutionProperties) = preSolution
		HideSolutionNode = FALSE
	EndGlobalSection
	GlobalSection(ExtensibilityGlobals) = postSolution
		SolutionGuid = {B66CE1BC-898B-460D-B92E-7AA39485903F}
	EndGlobalSection
EndGlobal
